// !$*UTF8*$!
{
	archiveVersion = 1;
	classes = {
	};
	objectVersion = 55;
	objects = {

/* Begin PBXBuildFile section */
		40D2C325E99AEA45E8B0D1D3 /* Pods_Warren.framework in Frameworks */ = {isa = PBXBuildFile; fileRef = 6E15DD33F7A3044D56FFAA93 /* Pods_Warren.framework */; };
		6A6D5BC12877CF97005A61A0 /* Login.swift in Sources */ = {isa = PBXBuildFile; fileRef = 6A6D5BC02877CF97005A61A0 /* Login.swift */; };
		6A7396CA2879FD8D00086FF4 /* LoginControlView.swift in Sources */ = {isa = PBXBuildFile; fileRef = 6A7396C92879FD8D00086FF4 /* LoginControlView.swift */; };
		6A7396CC287A00F400086FF4 /* DashboardView.swift in Sources */ = {isa = PBXBuildFile; fileRef = 6A7396CB287A00F400086FF4 /* DashboardView.swift */; };
		6A7396D0287A674600086FF4 /* DashboardModel.swift in Sources */ = {isa = PBXBuildFile; fileRef = 6A7396CF287A674600086FF4 /* DashboardModel.swift */; };
		6A7396D2287A69A500086FF4 /* Dashboard.swift in Sources */ = {isa = PBXBuildFile; fileRef = 6A7396D1287A69A500086FF4 /* Dashboard.swift */; };
		6A7396D5287BB54E00086FF4 /* Button.swift in Sources */ = {isa = PBXBuildFile; fileRef = 6A7396D4287BB54E00086FF4 /* Button.swift */; };
		6A78AFC2286E6578007A4360 /* WarrenApp.swift in Sources */ = {isa = PBXBuildFile; fileRef = 6A78AFC1286E6578007A4360 /* WarrenApp.swift */; };
		6A78AFC4286E6578007A4360 /* ContentView.swift in Sources */ = {isa = PBXBuildFile; fileRef = 6A78AFC3286E6578007A4360 /* ContentView.swift */; };
		6A78AFC6286E657A007A4360 /* Assets.xcassets in Resources */ = {isa = PBXBuildFile; fileRef = 6A78AFC5286E657A007A4360 /* Assets.xcassets */; };
		6A78AFC9286E657A007A4360 /* Preview Assets.xcassets in Resources */ = {isa = PBXBuildFile; fileRef = 6A78AFC8286E657A007A4360 /* Preview Assets.xcassets */; };
		6A956641287907C000C7251A /* APIManager.swift in Sources */ = {isa = PBXBuildFile; fileRef = 6A956640287907C000C7251A /* APIManager.swift */; };
		6A95664328790AC000C7251A /* APIServices.swift in Sources */ = {isa = PBXBuildFile; fileRef = 6A95664228790AC000C7251A /* APIServices.swift */; };
		6A95664728790D3200C7251A /* LoginView.swift in Sources */ = {isa = PBXBuildFile; fileRef = 6A95664628790D3200C7251A /* LoginView.swift */; };
		6A95664928790E0400C7251A /* LoginViewModal.swift in Sources */ = {isa = PBXBuildFile; fileRef = 6A95664828790E0400C7251A /* LoginViewModal.swift */; };
		6A95664B287913A200C7251A /* EncodableExtension.swift in Sources */ = {isa = PBXBuildFile; fileRef = 6A95664A287913A200C7251A /* EncodableExtension.swift */; };
/* End PBXBuildFile section */

/* Begin PBXFileReference section */
		6A6D5BC02877CF97005A61A0 /* Login.swift */ = {isa = PBXFileReference; lastKnownFileType = sourcecode.swift; path = Login.swift; sourceTree = "<group>"; };
		6A7396C92879FD8D00086FF4 /* LoginControlView.swift */ = {isa = PBXFileReference; lastKnownFileType = sourcecode.swift; path = LoginControlView.swift; sourceTree = "<group>"; };
		6A7396CB287A00F400086FF4 /* DashboardView.swift */ = {isa = PBXFileReference; lastKnownFileType = sourcecode.swift; path = DashboardView.swift; sourceTree = "<group>"; };
		6A7396CF287A674600086FF4 /* DashboardModel.swift */ = {isa = PBXFileReference; lastKnownFileType = sourcecode.swift; path = DashboardModel.swift; sourceTree = "<group>"; };
		6A7396D1287A69A500086FF4 /* Dashboard.swift */ = {isa = PBXFileReference; lastKnownFileType = sourcecode.swift; path = Dashboard.swift; sourceTree = "<group>"; };
		6A7396D4287BB54E00086FF4 /* Button.swift */ = {isa = PBXFileReference; lastKnownFileType = sourcecode.swift; path = Button.swift; sourceTree = "<group>"; };
		6A78AFBE286E6578007A4360 /* Warren.app */ = {isa = PBXFileReference; explicitFileType = wrapper.application; includeInIndex = 0; path = Warren.app; sourceTree = BUILT_PRODUCTS_DIR; };
		6A78AFC1286E6578007A4360 /* WarrenApp.swift */ = {isa = PBXFileReference; lastKnownFileType = sourcecode.swift; path = WarrenApp.swift; sourceTree = "<group>"; };
		6A78AFC3286E6578007A4360 /* ContentView.swift */ = {isa = PBXFileReference; lastKnownFileType = sourcecode.swift; path = ContentView.swift; sourceTree = "<group>"; };
		6A78AFC5286E657A007A4360 /* Assets.xcassets */ = {isa = PBXFileReference; lastKnownFileType = folder.assetcatalog; path = Assets.xcassets; sourceTree = "<group>"; };
		6A78AFC8286E657A007A4360 /* Preview Assets.xcassets */ = {isa = PBXFileReference; lastKnownFileType = folder.assetcatalog; path = "Preview Assets.xcassets"; sourceTree = "<group>"; };
		6A956640287907C000C7251A /* APIManager.swift */ = {isa = PBXFileReference; lastKnownFileType = sourcecode.swift; path = APIManager.swift; sourceTree = "<group>"; };
		6A95664228790AC000C7251A /* APIServices.swift */ = {isa = PBXFileReference; lastKnownFileType = sourcecode.swift; path = APIServices.swift; sourceTree = "<group>"; };
		6A95664628790D3200C7251A /* LoginView.swift */ = {isa = PBXFileReference; lastKnownFileType = sourcecode.swift; path = LoginView.swift; sourceTree = "<group>"; };
		6A95664828790E0400C7251A /* LoginViewModal.swift */ = {isa = PBXFileReference; lastKnownFileType = sourcecode.swift; path = LoginViewModal.swift; sourceTree = "<group>"; };
		6A95664A287913A200C7251A /* EncodableExtension.swift */ = {isa = PBXFileReference; lastKnownFileType = sourcecode.swift; path = EncodableExtension.swift; sourceTree = "<group>"; };
		6E15DD33F7A3044D56FFAA93 /* Pods_Warren.framework */ = {isa = PBXFileReference; explicitFileType = wrapper.framework; includeInIndex = 0; path = Pods_Warren.framework; sourceTree = BUILT_PRODUCTS_DIR; };
		87DBC2F609A16737199000DD /* Pods-Warren.debug.xcconfig */ = {isa = PBXFileReference; includeInIndex = 1; lastKnownFileType = text.xcconfig; name = "Pods-Warren.debug.xcconfig"; path = "Target Support Files/Pods-Warren/Pods-Warren.debug.xcconfig"; sourceTree = "<group>"; };
		A8E5EC4A9B9E41CCF06000EF /* Pods-Warren.release.xcconfig */ = {isa = PBXFileReference; includeInIndex = 1; lastKnownFileType = text.xcconfig; name = "Pods-Warren.release.xcconfig"; path = "Target Support Files/Pods-Warren/Pods-Warren.release.xcconfig"; sourceTree = "<group>"; };
/* End PBXFileReference section */

/* Begin PBXFrameworksBuildPhase section */
		6A78AFBB286E6578007A4360 /* Frameworks */ = {
			isa = PBXFrameworksBuildPhase;
			buildActionMask = 2147483647;
			files = (
				40D2C325E99AEA45E8B0D1D3 /* Pods_Warren.framework in Frameworks */,
			);
			runOnlyForDeploymentPostprocessing = 0;
		};
/* End PBXFrameworksBuildPhase section */

/* Begin PBXGroup section */
		2015436C8088D418D08ACEF2 /* Pods */ = {
			isa = PBXGroup;
			children = (
				87DBC2F609A16737199000DD /* Pods-Warren.debug.xcconfig */,
				A8E5EC4A9B9E41CCF06000EF /* Pods-Warren.release.xcconfig */,
			);
			path = Pods;
			sourceTree = "<group>";
		};
		6A6D5BBF2877CF85005A61A0 /* Model */ = {
			isa = PBXGroup;
			children = (
				6A6D5BC02877CF97005A61A0 /* Login.swift */,
				6A95664A287913A200C7251A /* EncodableExtension.swift */,
				6A7396D1287A69A500086FF4 /* Dashboard.swift */,
			);
			name = Model;
			sourceTree = "<group>";
		};
		6A7396C62879FC8600086FF4 /* Login */ = {
			isa = PBXGroup;
			children = (
				6A95664628790D3200C7251A /* LoginView.swift */,
				6A95664828790E0400C7251A /* LoginViewModal.swift */,
			);
			path = Login;
			sourceTree = "<group>";
		};
		6A7396C72879FCE200086FF4 /* Dashboard */ = {
			isa = PBXGroup;
			children = (
				6A7396CB287A00F400086FF4 /* DashboardView.swift */,
				6A7396CF287A674600086FF4 /* DashboardModel.swift */,
			);
			path = Dashboard;
			sourceTree = "<group>";
		};
		6A7396C82879FD7C00086FF4 /* LoginControl */ = {
			isa = PBXGroup;
			children = (
				6A7396C92879FD8D00086FF4 /* LoginControlView.swift */,
			);
			path = LoginControl;
			sourceTree = "<group>";
		};
		6A7396D3287BB53C00086FF4 /* Components */ = {
			isa = PBXGroup;
			children = (
				6A7396D4287BB54E00086FF4 /* Button.swift */,
			);
			name = Components;
			sourceTree = "<group>";
		};
		6A78AFB5286E6578007A4360 = {
			isa = PBXGroup;
			children = (
				6A78AFC0286E6578007A4360 /* Warren */,
				6A78AFBF286E6578007A4360 /* Products */,
				2015436C8088D418D08ACEF2 /* Pods */,
				7D15CFBCED4A03C94AFCFCEF /* Frameworks */,
			);
			sourceTree = "<group>";
		};
		6A78AFBF286E6578007A4360 /* Products */ = {
			isa = PBXGroup;
			children = (
				6A78AFBE286E6578007A4360 /* Warren.app */,
			);
			name = Products;
			sourceTree = "<group>";
		};
		6A78AFC0286E6578007A4360 /* Warren */ = {
			isa = PBXGroup;
			children = (
				6A7396D3287BB53C00086FF4 /* Components */,
				6A95664428790D1900C7251A /* View */,
				6A95663E2879077F00C7251A /* Data */,
				6A6D5BBF2877CF85005A61A0 /* Model */,
				6A78AFC1286E6578007A4360 /* WarrenApp.swift */,
				6A78AFC3286E6578007A4360 /* ContentView.swift */,
				6A78AFC5286E657A007A4360 /* Assets.xcassets */,
				6A78AFC7286E657A007A4360 /* Preview Content */,
			);
			path = Warren;
			sourceTree = "<group>";
		};
		6A78AFC7286E657A007A4360 /* Preview Content */ = {
			isa = PBXGroup;
			children = (
				6A78AFC8286E657A007A4360 /* Preview Assets.xcassets */,
			);
			path = "Preview Content";
			sourceTree = "<group>";
		};
		6A95663E2879077F00C7251A /* Data */ = {
			isa = PBXGroup;
			children = (
				6A95663F2879078B00C7251A /* NetWork */,
			);
			path = Data;
			sourceTree = "<group>";
		};
		6A95663F2879078B00C7251A /* NetWork */ = {
			isa = PBXGroup;
			children = (
				6A956640287907C000C7251A /* APIManager.swift */,
				6A95664228790AC000C7251A /* APIServices.swift */,
			);
			path = NetWork;
			sourceTree = "<group>";
		};
		6A95664428790D1900C7251A /* View */ = {
			isa = PBXGroup;
			children = (
				6A7396C82879FD7C00086FF4 /* LoginControl */,
				6A7396C72879FCE200086FF4 /* Dashboard */,
				6A7396C62879FC8600086FF4 /* Login */,
			);
			path = View;
			sourceTree = "<group>";
		};
		7D15CFBCED4A03C94AFCFCEF /* Frameworks */ = {
			isa = PBXGroup;
			children = (
				6E15DD33F7A3044D56FFAA93 /* Pods_Warren.framework */,
			);
			name = Frameworks;
			sourceTree = "<group>";
		};
/* End PBXGroup section */

/* Begin PBXNativeTarget section */
		6A78AFBD286E6578007A4360 /* Warren */ = {
			isa = PBXNativeTarget;
			buildConfigurationList = 6A78AFCC286E657A007A4360 /* Build configuration list for PBXNativeTarget "Warren" */;
			buildPhases = (
				0CD1B888CAA583B799C02135 /* [CP] Check Pods Manifest.lock */,
				6A78AFBA286E6578007A4360 /* Sources */,
				6A78AFBB286E6578007A4360 /* Frameworks */,
				6A78AFBC286E6578007A4360 /* Resources */,
				CD9E443C62A3A0EAA46EAE5F /* [CP] Embed Pods Frameworks */,
			);
			buildRules = (
			);
			dependencies = (
			);
			name = Warren;
			productName = Warren;
			productReference = 6A78AFBE286E6578007A4360 /* Warren.app */;
			productType = "com.apple.product-type.application";
		};
/* End PBXNativeTarget section */

/* Begin PBXProject section */
		6A78AFB6286E6578007A4360 /* Project object */ = {
			isa = PBXProject;
			attributes = {
				BuildIndependentTargetsInParallel = 1;
				LastSwiftUpdateCheck = 1340;
				LastUpgradeCheck = 1340;
				TargetAttributes = {
					6A78AFBD286E6578007A4360 = {
						CreatedOnToolsVersion = 13.4;
					};
				};
			};
			buildConfigurationList = 6A78AFB9286E6578007A4360 /* Build configuration list for PBXProject "Warren" */;
			compatibilityVersion = "Xcode 13.0";
			developmentRegion = en;
			hasScannedForEncodings = 0;
			knownRegions = (
				en,
				Base,
			);
			mainGroup = 6A78AFB5286E6578007A4360;
			productRefGroup = 6A78AFBF286E6578007A4360 /* Products */;
			projectDirPath = "";
			projectRoot = "";
			targets = (
				6A78AFBD286E6578007A4360 /* Warren */,
			);
		};
/* End PBXProject section */

/* Begin PBXResourcesBuildPhase section */
		6A78AFBC286E6578007A4360 /* Resources */ = {
			isa = PBXResourcesBuildPhase;
			buildActionMask = 2147483647;
			files = (
				6A78AFC9286E657A007A4360 /* Preview Assets.xcassets in Resources */,
				6A78AFC6286E657A007A4360 /* Assets.xcassets in Resources */,
			);
			runOnlyForDeploymentPostprocessing = 0;
		};
/* End PBXResourcesBuildPhase section */

/* Begin PBXShellScriptBuildPhase section */
		0CD1B888CAA583B799C02135 /* [CP] Check Pods Manifest.lock */ = {
			isa = PBXShellScriptBuildPhase;
			buildActionMask = 2147483647;
			files = (
			);
			inputFileListPaths = (
			);
			inputPaths = (
				"${PODS_PODFILE_DIR_PATH}/Podfile.lock",
				"${PODS_ROOT}/Manifest.lock",
			);
			name = "[CP] Check Pods Manifest.lock";
			outputFileListPaths = (
			);
			outputPaths = (
				"$(DERIVED_FILE_DIR)/Pods-Warren-checkManifestLockResult.txt",
			);
			runOnlyForDeploymentPostprocessing = 0;
			shellPath = /bin/sh;
			shellScript = "diff \"${PODS_PODFILE_DIR_PATH}/Podfile.lock\" \"${PODS_ROOT}/Manifest.lock\" > /dev/null\nif [ $? != 0 ] ; then\n    # print error to STDERR\n    echo \"error: The sandbox is not in sync with the Podfile.lock. Run 'pod install' or update your CocoaPods installation.\" >&2\n    exit 1\nfi\n# This output is used by Xcode 'outputs' to avoid re-running this script phase.\necho \"SUCCESS\" > \"${SCRIPT_OUTPUT_FILE_0}\"\n";
			showEnvVarsInLog = 0;
		};
		CD9E443C62A3A0EAA46EAE5F /* [CP] Embed Pods Frameworks */ = {
			isa = PBXShellScriptBuildPhase;
			buildActionMask = 2147483647;
			files = (
			);
			inputFileListPaths = (
				"${PODS_ROOT}/Target Support Files/Pods-Warren/Pods-Warren-frameworks-${CONFIGURATION}-input-files.xcfilelist",
			);
			name = "[CP] Embed Pods Frameworks";
			outputFileListPaths = (
				"${PODS_ROOT}/Target Support Files/Pods-Warren/Pods-Warren-frameworks-${CONFIGURATION}-output-files.xcfilelist",
			);
			runOnlyForDeploymentPostprocessing = 0;
			shellPath = /bin/sh;
			shellScript = "\"${PODS_ROOT}/Target Support Files/Pods-Warren/Pods-Warren-frameworks.sh\"\n";
			showEnvVarsInLog = 0;
		};
/* End PBXShellScriptBuildPhase section */

/* Begin PBXSourcesBuildPhase section */
		6A78AFBA286E6578007A4360 /* Sources */ = {
			isa = PBXSourcesBuildPhase;
			buildActionMask = 2147483647;
			files = (
				6A956641287907C000C7251A /* APIManager.swift in Sources */,
				6A7396D0287A674600086FF4 /* DashboardModel.swift in Sources */,
				6A6D5BC12877CF97005A61A0 /* Login.swift in Sources */,
				6A78AFC4286E6578007A4360 /* ContentView.swift in Sources */,
				6A95664928790E0400C7251A /* LoginViewModal.swift in Sources */,
				6A95664728790D3200C7251A /* LoginView.swift in Sources */,
				6A95664B287913A200C7251A /* EncodableExtension.swift in Sources */,
				6A78AFC2286E6578007A4360 /* WarrenApp.swift in Sources */,
				6A7396CC287A00F400086FF4 /* DashboardView.swift in Sources */,
				6A7396CA2879FD8D00086FF4 /* LoginControlView.swift in Sources */,
				6A7396D2287A69A500086FF4 /* Dashboard.swift in Sources */,
				6A7396D5287BB54E00086FF4 /* Button.swift in Sources */,
				6A95664328790AC000C7251A /* APIServices.swift in Sources */,
			);
			runOnlyForDeploymentPostprocessing = 0;
		};
/* End PBXSourcesBuildPhase section */

/* Begin XCBuildConfiguration section */
		6A78AFCA286E657A007A4360 /* Debug */ = {
			isa = XCBuildConfiguration;
			buildSettings = {
				ALWAYS_SEARCH_USER_PATHS = NO;
				CLANG_ANALYZER_NONNULL = YES;
				CLANG_ANALYZER_NUMBER_OBJECT_CONVERSION = YES_AGGRESSIVE;
				CLANG_CXX_LANGUAGE_STANDARD = "gnu++17";
				CLANG_ENABLE_MODULES = YES;
				CLANG_ENABLE_OBJC_ARC = YES;
				CLANG_ENABLE_OBJC_WEAK = YES;
				CLANG_WARN_BLOCK_CAPTURE_AUTORELEASING = YES;
				CLANG_WARN_BOOL_CONVERSION = YES;
				CLANG_WARN_COMMA = YES;
				CLANG_WARN_CONSTANT_CONVERSION = YES;
				CLANG_WARN_DEPRECATED_OBJC_IMPLEMENTATIONS = YES;
				CLANG_WARN_DIRECT_OBJC_ISA_USAGE = YES_ERROR;
				CLANG_WARN_DOCUMENTATION_COMMENTS = YES;
				CLANG_WARN_EMPTY_BODY = YES;
				CLANG_WARN_ENUM_CONVERSION = YES;
				CLANG_WARN_INFINITE_RECURSION = YES;
				CLANG_WARN_INT_CONVERSION = YES;
				CLANG_WARN_NON_LITERAL_NULL_CONVERSION = YES;
				CLANG_WARN_OBJC_IMPLICIT_RETAIN_SELF = YES;
				CLANG_WARN_OBJC_LITERAL_CONVERSION = YES;
				CLANG_WARN_OBJC_ROOT_CLASS = YES_ERROR;
				CLANG_WARN_QUOTED_INCLUDE_IN_FRAMEWORK_HEADER = YES;
				CLANG_WARN_RANGE_LOOP_ANALYSIS = YES;
				CLANG_WARN_STRICT_PROTOTYPES = YES;
				CLANG_WARN_SUSPICIOUS_MOVE = YES;
				CLANG_WARN_UNGUARDED_AVAILABILITY = YES_AGGRESSIVE;
				CLANG_WARN_UNREACHABLE_CODE = YES;
				CLANG_WARN__DUPLICATE_METHOD_MATCH = YES;
				COPY_PHASE_STRIP = NO;
				DEBUG_INFORMATION_FORMAT = dwarf;
				ENABLE_STRICT_OBJC_MSGSEND = YES;
				ENABLE_TESTABILITY = YES;
				GCC_C_LANGUAGE_STANDARD = gnu11;
				GCC_DYNAMIC_NO_PIC = NO;
				GCC_NO_COMMON_BLOCKS = YES;
				GCC_OPTIMIZATION_LEVEL = 0;
				GCC_PREPROCESSOR_DEFINITIONS = (
					"DEBUG=1",
					"$(inherited)",
				);
				GCC_WARN_64_TO_32_BIT_CONVERSION = YES;
				GCC_WARN_ABOUT_RETURN_TYPE = YES_ERROR;
				GCC_WARN_UNDECLARED_SELECTOR = YES;
				GCC_WARN_UNINITIALIZED_AUTOS = YES_AGGRESSIVE;
				GCC_WARN_UNUSED_FUNCTION = YES;
				GCC_WARN_UNUSED_VARIABLE = YES;
				IPHONEOS_DEPLOYMENT_TARGET = 15.5;
				MTL_ENABLE_DEBUG_INFO = INCLUDE_SOURCE;
				MTL_FAST_MATH = YES;
				ONLY_ACTIVE_ARCH = YES;
				SDKROOT = iphoneos;
				SWIFT_ACTIVE_COMPILATION_CONDITIONS = DEBUG;
				SWIFT_OPTIMIZATION_LEVEL = "-Onone";
			};
			name = Debug;
		};
		6A78AFCB286E657A007A4360 /* Release */ = {
			isa = XCBuildConfiguration;
			buildSettings = {
				ALWAYS_SEARCH_USER_PATHS = NO;
				CLANG_ANALYZER_NONNULL = YES;
				CLANG_ANALYZER_NUMBER_OBJECT_CONVERSION = YES_AGGRESSIVE;
				CLANG_CXX_LANGUAGE_STANDARD = "gnu++17";
				CLANG_ENABLE_MODULES = YES;
				CLANG_ENABLE_OBJC_ARC = YES;
				CLANG_ENABLE_OBJC_WEAK = YES;
				CLANG_WARN_BLOCK_CAPTURE_AUTORELEASING = YES;
				CLANG_WARN_BOOL_CONVERSION = YES;
				CLANG_WARN_COMMA = YES;
				CLANG_WARN_CONSTANT_CONVERSION = YES;
				CLANG_WARN_DEPRECATED_OBJC_IMPLEMENTATIONS = YES;
				CLANG_WARN_DIRECT_OBJC_ISA_USAGE = YES_ERROR;
				CLANG_WARN_DOCUMENTATION_COMMENTS = YES;
				CLANG_WARN_EMPTY_BODY = YES;
				CLANG_WARN_ENUM_CONVERSION = YES;
				CLANG_WARN_INFINITE_RECURSION = YES;
				CLANG_WARN_INT_CONVERSION = YES;
				CLANG_WARN_NON_LITERAL_NULL_CONVERSION = YES;
				CLANG_WARN_OBJC_IMPLICIT_RETAIN_SELF = YES;
				CLANG_WARN_OBJC_LITERAL_CONVERSION = YES;
				CLANG_WARN_OBJC_ROOT_CLASS = YES_ERROR;
				CLANG_WARN_QUOTED_INCLUDE_IN_FRAMEWORK_HEADER = YES;
				CLANG_WARN_RANGE_LOOP_ANALYSIS = YES;
				CLANG_WARN_STRICT_PROTOTYPES = YES;
				CLANG_WARN_SUSPICIOUS_MOVE = YES;
				CLANG_WARN_UNGUARDED_AVAILABILITY = YES_AGGRESSIVE;
				CLANG_WARN_UNREACHABLE_CODE = YES;
				CLANG_WARN__DUPLICATE_METHOD_MATCH = YES;
				COPY_PHASE_STRIP = NO;
				DEBUG_INFORMATION_FORMAT = "dwarf-with-dsym";
				ENABLE_NS_ASSERTIONS = NO;
				ENABLE_STRICT_OBJC_MSGSEND = YES;
				GCC_C_LANGUAGE_STANDARD = gnu11;
				GCC_NO_COMMON_BLOCKS = YES;
				GCC_WARN_64_TO_32_BIT_CONVERSION = YES;
				GCC_WARN_ABOUT_RETURN_TYPE = YES_ERROR;
				GCC_WARN_UNDECLARED_SELECTOR = YES;
				GCC_WARN_UNINITIALIZED_AUTOS = YES_AGGRESSIVE;
				GCC_WARN_UNUSED_FUNCTION = YES;
				GCC_WARN_UNUSED_VARIABLE = YES;
				IPHONEOS_DEPLOYMENT_TARGET = 15.5;
				MTL_ENABLE_DEBUG_INFO = NO;
				MTL_FAST_MATH = YES;
				SDKROOT = iphoneos;
				SWIFT_COMPILATION_MODE = wholemodule;
				SWIFT_OPTIMIZATION_LEVEL = "-O";
				VALIDATE_PRODUCT = YES;
			};
			name = Release;
		};
		6A78AFCD286E657A007A4360 /* Debug */ = {
			isa = XCBuildConfiguration;
			baseConfigurationReference = 87DBC2F609A16737199000DD /* Pods-Warren.debug.xcconfig */;
			buildSettings = {
				ASSETCATALOG_COMPILER_APPICON_NAME = AppIcon;
				ASSETCATALOG_COMPILER_GLOBAL_ACCENT_COLOR_NAME = AccentColor;
				CODE_SIGN_STYLE = Automatic;
				CURRENT_PROJECT_VERSION = 1;
				DEVELOPMENT_ASSET_PATHS = "\"Warren/Preview Content\"";
				ENABLE_PREVIEWS = YES;
				GENERATE_INFOPLIST_FILE = YES;
				INFOPLIST_KEY_UIApplicationSceneManifest_Generation = YES;
				INFOPLIST_KEY_UIApplicationSupportsIndirectInputEvents = YES;
				INFOPLIST_KEY_UILaunchScreen_Generation = YES;
				INFOPLIST_KEY_UISupportedInterfaceOrientations_iPad = "UIInterfaceOrientationPortrait UIInterfaceOrientationPortraitUpsideDown UIInterfaceOrientationLandscapeLeft UIInterfaceOrientationLandscapeRight";
				INFOPLIST_KEY_UISupportedInterfaceOrientations_iPhone = "UIInterfaceOrientationPortrait UIInterfaceOrientationLandscapeLeft UIInterfaceOrientationLandscapeRight";
				LD_RUNPATH_SEARCH_PATHS = (
					"$(inherited)",
					"@executable_path/Frameworks",
				);
				MARKETING_VERSION = 1.0;
				PRODUCT_BUNDLE_IDENTIFIER = co.carlosSilva.Warren;
				PRODUCT_NAME = "$(TARGET_NAME)";
				SWIFT_EMIT_LOC_STRINGS = YES;
				SWIFT_VERSION = 5.0;
				TARGETED_DEVICE_FAMILY = "1,2";
			};
			name = Debug;
		};
		6A78AFCE286E657A007A4360 /* Release */ = {
			isa = XCBuildConfiguration;
			baseConfigurationReference = A8E5EC4A9B9E41CCF06000EF /* Pods-Warren.release.xcconfig */;
			buildSettings = {
				ASSETCATALOG_COMPILER_APPICON_NAME = AppIcon;
				ASSETCATALOG_COMPILER_GLOBAL_ACCENT_COLOR_NAME = AccentColor;
				CODE_SIGN_STYLE = Automatic;
				CURRENT_PROJECT_VERSION = 1;
				DEVELOPMENT_ASSET_PATHS = "\"Warren/Preview Content\"";
				ENABLE_PREVIEWS = YES;
				GENERATE_INFOPLIST_FILE = YES;
				INFOPLIST_KEY_UIApplicationSceneManifest_Generation = YES;
				INFOPLIST_KEY_UIApplicationSupportsIndirectInputEvents = YES;
				INFOPLIST_KEY_UILaunchScreen_Generation = YES;
				INFOPLIST_KEY_UISupportedInterfaceOrientations_iPad = "UIInterfaceOrientationPortrait UIInterfaceOrientationPortraitUpsideDown UIInterfaceOrientationLandscapeLeft UIInterfaceOrientationLandscapeRight";
				INFOPLIST_KEY_UISupportedInterfaceOrientations_iPhone = "UIInterfaceOrientationPortrait UIInterfaceOrientationLandscapeLeft UIInterfaceOrientationLandscapeRight";
				LD_RUNPATH_SEARCH_PATHS = (
					"$(inherited)",
					"@executable_path/Frameworks",
				);
				MARKETING_VERSION = 1.0;
				PRODUCT_BUNDLE_IDENTIFIER = co.carlosSilva.Warren;
				PRODUCT_NAME = "$(TARGET_NAME)";
				SWIFT_EMIT_LOC_STRINGS = YES;
				SWIFT_VERSION = 5.0;
				TARGETED_DEVICE_FAMILY = "1,2";
			};
			name = Release;
		};
/* End XCBuildConfiguration section */

/* Begin XCConfigurationList section */
		6A78AFB9286E6578007A4360 /* Build configuration list for PBXProject "Warren" */ = {
			isa = XCConfigurationList;
			buildConfigurations = (
				6A78AFCA286E657A007A4360 /* Debug */,
				6A78AFCB286E657A007A4360 /* Release */,
			);
			defaultConfigurationIsVisible = 0;
			defaultConfigurationName = Release;
		};
		6A78AFCC286E657A007A4360 /* Build configuration list for PBXNativeTarget "Warren" */ = {
			isa = XCConfigurationList;
			buildConfigurations = (
				6A78AFCD286E657A007A4360 /* Debug */,
				6A78AFCE286E657A007A4360 /* Release */,
			);
			defaultConfigurationIsVisible = 0;
			defaultConfigurationName = Release;
		};
/* End XCConfigurationList section */
	};
	rootObject = 6A78AFB6286E6578007A4360 /* Project object */;
}
